<?xml version="1.0" encoding="utf-8"?>
<Project ToolsVersion="4.0" xmlns="http://schemas.microsoft.com/developer/msbuild/2003">
  <ItemGroup>
    <Filter Include="Исходные файлы">
      <UniqueIdentifier>{4FC737F1-C7A5-4376-A066-2A32D752A2FF}</UniqueIdentifier>
      <Extensions>cpp;c;cc;cxx;c++;def;odl;idl;hpj;bat;asm;asmx</Extensions>
    </Filter>
    <Filter Include="Файлы заголовков">
      <UniqueIdentifier>{93995380-89BD-4b04-88EB-625FBE52EBFB}</UniqueIdentifier>
      <Extensions>h;hh;hpp;hxx;h++;hm;inl;inc;ipp;xsd</Extensions>
    </Filter>
    <Filter Include="Файлы ресурсов">
      <UniqueIdentifier>{67DA6AB6-F800-4c08-8B7A-83BB121AAD01}</UniqueIdentifier>
      <Extensions>rc;ico;cur;bmp;dlg;rc2;rct;bin;rgs;gif;jpg;jpeg;jpe;resx;tiff;tif;png;wav;mfcribbon-ms</Extensions>
    </Filter>
  </ItemGroup>
  <ItemGroup>
    <ClCompile Include="Source.cpp">
      <Filter>Исходные файлы</Filter>
    </ClCompile>
    <ClCompile Include="Json\json11.cpp">
      <Filter>Исходные файлы</Filter>
    </ClCompile>
    <ClCompile Include="SHA256 from GitHub\SHA-256 GITHUB.cpp">
      <Filter>Исходные файлы</Filter>
    </ClCompile>
  </ItemGroup>
  <ItemGroup>
    <ClInclude Include="Functions.h">
      <Filter>Файлы заголовков</Filter>
    </ClInclude>
    <ClInclude Include="ConsoleHelper.h">
      <Filter>Файлы заголовков</Filter>
    </ClInclude>
    <ClInclude Include="ConsoleFunctions.h">
      <Filter>Файлы заголовков</Filter>
    </ClInclude>
    <ClInclude Include="MaxMinSearchFunctions.h">
      <Filter>Файлы заголовков</Filter>
    </ClInclude>
    <ClInclude Include="Sorts.h">
      <Filter>Файлы заголовков</Filter>
    </ClInclude>
    <ClInclude Include="Pointers.h">
      <Filter>Файлы заголовков</Filter>
    </ClInclude>
    <ClInclude Include="DynamicMemory.h">
      <Filter>Файлы заголовков</Filter>
    </ClInclude>
    <ClInclude Include="Recusrion.h">
      <Filter>Файлы заголовков</Filter>
    </ClInclude>
    <ClInclude Include="Structures.h">
      <Filter>Файлы заголовков</Filter>
    </ClInclude>
    <ClInclude Include="GlobalStructures.h">
      <Filter>Файлы заголовков</Filter>
    </ClInclude>
    <ClInclude Include="GlobalStructureDate.h">
      <Filter>Файлы заголовков</Filter>
    </ClInclude>
    <ClInclude Include="GlobalStructuresCarUtils.h">
      <Filter>Файлы заголовков</Filter>
    </ClInclude>
    <ClInclude Include="Geometry.h">
      <Filter>Файлы заголовков</Filter>
    </ClInclude>
    <ClInclude Include="Operators.h">
      <Filter>Файлы заголовков</Filter>
    </ClInclude>
    <ClInclude Include="CorpPosition.h">
      <Filter>Файлы заголовков</Filter>
    </ClInclude>
    <ClInclude Include="Initializations.h">
      <Filter>Файлы заголовков</Filter>
    </ClInclude>
    <ClInclude Include="ServiceClasess.h">
      <Filter>Файлы заголовков</Filter>
    </ClInclude>
    <ClInclude Include="Classes\CustomString.h">
      <Filter>Файлы заголовков</Filter>
    </ClInclude>
    <ClInclude Include="Classes\ButtonStruct.h">
      <Filter>Файлы заголовков</Filter>
    </ClInclude>
    <ClInclude Include="Classes\Fraction.h">
      <Filter>Файлы заголовков</Filter>
    </ClInclude>
    <ClInclude Include="Classes\VectorWithinEvens.h">
      <Filter>Файлы заголовков</Filter>
    </ClInclude>
    <ClInclude Include="Algorithm.h">
      <Filter>Файлы заголовков</Filter>
    </ClInclude>
    <ClInclude Include="Sequences.h">
      <Filter>Файлы заголовков</Filter>
    </ClInclude>
    <ClInclude Include="DataStructures\Queue.h">
      <Filter>Файлы заголовков</Filter>
    </ClInclude>
    <ClInclude Include="MapStdExamples.h">
      <Filter>Файлы заголовков</Filter>
    </ClInclude>
    <ClInclude Include="SetStdExamples.h">
      <Filter>Файлы заголовков</Filter>
    </ClInclude>
    <ClInclude Include="WorkWithTextFiles.h">
      <Filter>Файлы заголовков</Filter>
    </ClInclude>
    <ClInclude Include="WorkWithBinaryFiles.h">
      <Filter>Файлы заголовков</Filter>
    </ClInclude>
    <ClInclude Include="2021-02-27.h">
      <Filter>Файлы заголовков</Filter>
    </ClInclude>
    <ClInclude Include="List.h">
      <Filter>Файлы заголовков</Filter>
    </ClInclude>
    <ClInclude Include="List1.h">
      <Filter>Файлы заголовков</Filter>
    </ClInclude>
    <ClInclude Include="List2.h">
      <Filter>Файлы заголовков</Filter>
    </ClInclude>
    <ClInclude Include="DataStructures\ForwardList.h">
      <Filter>Файлы заголовков</Filter>
    </ClInclude>
    <ClInclude Include="DataStructures\List.h">
      <Filter>Файлы заголовков</Filter>
    </ClInclude>
    <ClInclude Include="DataStructures\BinaryTree.h">
      <Filter>Файлы заголовков</Filter>
    </ClInclude>
    <ClInclude Include="DataStructures\BinarySearchTree.h">
      <Filter>Файлы заголовков</Filter>
    </ClInclude>
    <ClInclude Include="DataStructures\BinarySearchTreeMap.h">
      <Filter>Файлы заголовков</Filter>
    </ClInclude>
    <ClInclude Include="DataStructures\Graph.h">
      <Filter>Файлы заголовков</Filter>
    </ClInclude>
    <ClInclude Include="Json\json11.hpp">
      <Filter>Файлы заголовков</Filter>
    </ClInclude>
    <ClInclude Include="Json\JsonTests.h">
      <Filter>Файлы заголовков</Filter>
    </ClInclude>
    <ClInclude Include="Hash\SHA256.h">
      <Filter>Файлы заголовков</Filter>
    </ClInclude>
    <ClInclude Include="BitOperations\BitOperations.h">
      <Filter>Файлы заголовков</Filter>
    </ClInclude>
    <ClInclude Include="SHA256 from GitHub\SHA256-GitHub.h">
      <Filter>Файлы заголовков</Filter>
    </ClInclude>
    <ClInclude Include="GameMatrix\GameMatrix.h">
      <Filter>Файлы заголовков</Filter>
    </ClInclude>
    <ClInclude Include="GameMatrix\GameStructures.h">
      <Filter>Файлы заголовков</Filter>
    </ClInclude>
    <ClInclude Include="ParallelThreads\ParallelThreads.h">
      <Filter>Файлы заголовков</Filter>
    </ClInclude>
    <ClInclude Include="ParallelThreads\RingBuffer.h">
      <Filter>Файлы заголовков</Filter>
    </ClInclude>
    <ClInclude Include="ParallelThreads\RingBufferTest.h">
      <Filter>Файлы заголовков</Filter>
    </ClInclude>
    <ClInclude Include="Inheritance\InheritanceBasic.h">
      <Filter>Файлы заголовков</Filter>
    </ClInclude>
    <ClInclude Include="Inheritance\InheritanceSquareAndRectangle.h">
      <Filter>Файлы заголовков</Filter>
    </ClInclude>
    <ClInclude Include="Inheritance\InheritanceMovingObject.h">
      <Filter>Файлы заголовков</Filter>
    </ClInclude>
    <ClInclude Include="EnumExamples.h">
      <Filter>Файлы заголовков</Filter>
    </ClInclude>
    <ClInclude Include="Hash\HashTableVector.h">
      <Filter>Файлы заголовков</Filter>
    </ClInclude>
    <ClInclude Include="Polymorphism\PolymorphismBasic.h">
      <Filter>Файлы заголовков</Filter>
    </ClInclude>
    <ClInclude Include="PointersAndReferences.h">
      <Filter>Файлы заголовков</Filter>
    </ClInclude>
    <ClInclude Include="ChronoTime.h">
      <Filter>Файлы заголовков</Filter>
    </ClInclude>
    <ClInclude Include="Polymorphism\SimplePatternStrategy.h">
      <Filter>Файлы заголовков</Filter>
    </ClInclude>
    <ClInclude Include="DynamicMemoryManager.h">
      <Filter>Файлы заголовков</Filter>
    </ClInclude>
    <ClInclude Include="Network\Test.h">
      <Filter>Файлы заголовков</Filter>
    </ClInclude>
    <ClInclude Include="Network\Client.h">
      <Filter>Файлы заголовков</Filter>
    </ClInclude>
    <ClInclude Include="Network\Server.h">
      <Filter>Файлы заголовков</Filter>
    </ClInclude>
    <ClInclude Include="Iterators.h">
      <Filter>Файлы заголовков</Filter>
    </ClInclude>
    <ClInclude Include="Templates.h">
      <Filter>Файлы заголовков</Filter>
    </ClInclude>
    <ClInclude Include="Hash\HashTableOpenAddress.h">
      <Filter>Файлы заголовков</Filter>
    </ClInclude>
    <ClInclude Include="Polymorphism\DynamicCast.h">
      <Filter>Файлы заголовков</Filter>
    </ClInclude>
    <ClInclude Include="VariadicTemplates.h">
      <Filter>Файлы заголовков</Filter>
    </ClInclude>
    <ClInclude Include="MoveSemantics\LvalueRvalue.h">
      <Filter>Файлы заголовков</Filter>
    </ClInclude>
    <ClInclude Include="MoveSemantics\MoveSemanticsClass.h">
      <Filter>Файлы заголовков</Filter>
    </ClInclude>
    <ClInclude Include="SmartPointers\UniquePtr.h">
      <Filter>Файлы заголовков</Filter>
    </ClInclude>
    <ClInclude Include="MoveSemantics\PerfectForwarding.h">
      <Filter>Файлы заголовков</Filter>
    </ClInclude>
    <ClInclude Include="SmartPointers\SharedPtr.h">
      <Filter>Файлы заголовков</Filter>
    </ClInclude>
    <ClInclude Include="BitOperations\BitOperationsBasic.h">
      <Filter>Файлы заголовков</Filter>
    </ClInclude>
    <ClInclude Include="BitOperations\PropertiesByBitOperations.h">
      <Filter>Файлы заголовков</Filter>
    </ClInclude>
    <ClInclude Include="Union.h">
      <Filter>Файлы заголовков</Filter>
    </ClInclude>
    <ClInclude Include="Network\DataFromInternet.h">
      <Filter>Файлы заголовков</Filter>
    </ClInclude>
    <ClInclude Include="BinanceDataAPI\DataFromInternet.h">
      <Filter>Файлы заголовков</Filter>
    </ClInclude>
    <ClInclude Include="LambdaFunctions.h">
      <Filter>Файлы заголовков</Filter>
    </ClInclude>
    <ClInclude Include="Exceptions.h">
      <Filter>Файлы заголовков</Filter>
    </ClInclude>
    <ClInclude Include="Initialization.h">
      <Filter>Файлы заголовков</Filter>
    </ClInclude>
    <ClInclude Include="StdAlgorithms\StdAlgorithms.h">
      <Filter>Файлы заголовков</Filter>
    </ClInclude>
    <ClInclude Include="Polymorphism\VirtualDestructor.h">
      <Filter>Файлы заголовков</Filter>
    </ClInclude>
    <ClInclude Include="Polymorphism\VirtualConstructor.h">
      <Filter>Файлы заголовков</Filter>
    </ClInclude>
    <ClInclude Include="Polymorphism\VirtualInheritance.h">
      <Filter>Файлы заголовков</Filter>
    </ClInclude>
    <ClInclude Include="ParallelThreads\Mutexes.h">
      <Filter>Файлы заголовков</Filter>
    </ClInclude>
    <ClInclude Include="Polymorphism\Polymorphism_1.h">
      <Filter>Файлы заголовков</Filter>
    </ClInclude>
    <ClInclude Include="Polymorphism\Polymorphism_2.h">
      <Filter>Файлы заголовков</Filter>
    </ClInclude>
    <ClInclude Include="OpenCV\OpenCVTest.h">
      <Filter>Файлы заголовков</Filter>
    </ClInclude>
    <ClInclude Include="OpenCV\MouseTest.h">
      <Filter>Файлы заголовков</Filter>
    </ClInclude>
    <ClInclude Include="RandomTasks.h">
      <Filter>Файлы заголовков</Filter>
    </ClInclude>
    <ClInclude Include="AlgoTasks\Conditions.h">
      <Filter>Файлы заголовков</Filter>
    </ClInclude>
    <ClInclude Include="AlgoTasks\Loops.h">
      <Filter>Файлы заголовков</Filter>
    </ClInclude>
    <ClInclude Include="STL\Vector\StlVectorExamples.h">
      <Filter>Файлы заголовков</Filter>
    </ClInclude>
    <ClInclude Include="STL\Map\STLMapExamples.h">
      <Filter>Файлы заголовков</Filter>
    </ClInclude>
  </ItemGroup>
  <ItemGroup>
    <Image Include="Pictures\Bitmap.bmp">
      <Filter>Файлы ресурсов</Filter>
    </Image>
    <Image Include="Pictures\1.jpg">
      <Filter>Файлы ресурсов</Filter>
    </Image>
  </ItemGroup>
  <ItemGroup>
    <Text Include="TextFiles\File1.txt" />
    <Text Include="TextFiles\File2.txt" />
    <Text Include="TextFiles\File3.txt" />
    <Text Include="TextFiles\FileVec.txt" />
    <Text Include="BinaryFiles\File1.bin" />
    <Text Include="BinaryFiles\Test.bin" />
    <Text Include="BinaryFiles\File2.txt" />
    <Text Include="TextFiles\a.txt" />
    <Text Include="GraphsFiles\Graph_1.txt" />
    <Text Include="GameMatrix\Levels\Level1.txt" />
    <Text Include="Hash\OAresults.txt" />
    <Text Include="TextFiles\BigText.txt" />
    <Text Include="AlgoTasks\Conditions.txt" />
    <Text Include="AlgoTasks\Loops.txt" />
  </ItemGroup>
  <ItemGroup>
    <None Include="TextFiles\File1.tsv" />
    <None Include="BinaryFiles\HomeworkRestart.bin">
      <Filter>Файлы ресурсов</Filter>
    </None>
    <None Include="BinaryFiles\FileVec.bin">
      <Filter>Файлы ресурсов</Filter>
    </None>
    <None Include="GameMatrix\Levels\Level1_settings.json" />
    <None Include="BinanceDataAPI\avgPrice.json" />
    <None Include="BinanceDataAPI\curl.exe" />
    <None Include="BinanceDataAPI\klines.json" />
  </ItemGroup>
</Project>